
Microsoft Visual Studio Solution File, Format Version 12.00
# Visual Studio Version 16
VisualStudioVersion = 16.0.28407.52
MinimumVisualStudioVersion = 10.0.40219.1
Project("{9A19103F-16F7-4668-BE54-9A1E7A4F7556}") = "Web.App", "Web.App\Web.App.csproj", "{C1F6C11E-7504-4F00-9FE6-DE77FB9A2111}"
EndProject
Project("{2150E333-8FDC-42A3-9474-1A3956D46DE8}") = "Docker", "Docker", "{3517FD73-C288-42DD-9F32-5A7AC8FD9DCC}"
	ProjectSection(SolutionItems) = preProject
		Docker\DockerBash.bat = Docker\DockerBash.bat
		Docker\DockerBuildWebApp.bat = Docker\DockerBuildWebApp.bat
		Docker\Dockerfile = Docker\Dockerfile
		Docker\DockerKillWebApp.bat = Docker\DockerKillWebApp.bat
		Docker\DockerPushWebApp.bat = Docker\DockerPushWebApp.bat
		Docker\DockerRunWebApp.bat = Docker\DockerRunWebApp.bat
		Docker\DockerShowAzureLog.bat = Docker\DockerShowAzureLog.bat
		Docker\DockerShowPm2Log.bat = Docker\DockerShowPm2Log.bat
		Docker\init.sh = Docker\init.sh
		Docker\pm2-configuration.yml = Docker\pm2-configuration.yml
		Docker\PreviewUserEnvironment.bat = Docker\PreviewUserEnvironment.bat
		Docker\SetUserEnvironment.bat = Docker\SetUserEnvironment.bat
		Docker\sshd_config = Docker\sshd_config
	EndProjectSection
EndProject
Project("{2150E333-8FDC-42A3-9474-1A3956D46DE8}") = "documentation", "documentation", "{02B16386-929B-4CED-B7C5-75DAE12B41DB}"
	ProjectSection(SolutionItems) = preProject
		documentation\HypernovaComponentServer.md = documentation\HypernovaComponentServer.md
		documentation\postman-artiststory.png = documentation\postman-artiststory.png
		documentation\README.development.md = documentation\README.development.md
		documentation\README.md = documentation\README.md
	EndProjectSection
EndProject
Project("{2150E333-8FDC-42A3-9474-1A3956D46DE8}") = "Solution Items", "Solution Items", "{54F25E3E-5519-4507-8FA5-B2A6C6201C41}"
	ProjectSection(SolutionItems) = preProject
		README.md = README.md
		TODO.md = TODO.md
	EndProjectSection
EndProject
Project("{9A19103F-16F7-4668-BE54-9A1E7A4F7556}") = "Web.Api.Core", "Web.Api.Core\Web.Api.Core.csproj", "{91BA501C-BA8B-4789-A248-9666424B7BFB}"
EndProject
Project("{9A19103F-16F7-4668-BE54-9A1E7A4F7556}") = "Web.Api.Versioned", "Web.Api.Versioned\Web.Api.Versioned.csproj", "{0DBE4F5A-C93B-43AD-971D-23AE3069B80D}"
EndProject
Project("{FAE04EC0-301F-11D3-BF4B-00C04F79EFBC}") = "Web.App2", "Web.App2\Web.App2.csproj", "{6C378EA5-4A74-46EF-A017-C0214FCA02C3}"
EndProject
Global
	GlobalSection(SolutionConfigurationPlatforms) = preSolution
		Debug|Any CPU = Debug|Any CPU
		Release|Any CPU = Release|Any CPU
	EndGlobalSection
	GlobalSection(ProjectConfigurationPlatforms) = postSolution
		{C1F6C11E-7504-4F00-9FE6-DE77FB9A2111}.Debug|Any CPU.ActiveCfg = Debug|Any CPU
		{C1F6C11E-7504-4F00-9FE6-DE77FB9A2111}.Debug|Any CPU.Build.0 = Debug|Any CPU
		{C1F6C11E-7504-4F00-9FE6-DE77FB9A2111}.Release|Any CPU.ActiveCfg = Release|Any CPU
		{C1F6C11E-7504-4F00-9FE6-DE77FB9A2111}.Release|Any CPU.Build.0 = Release|Any CPU
		{91BA501C-BA8B-4789-A248-9666424B7BFB}.Debug|Any CPU.ActiveCfg = Debug|Any CPU
		{91BA501C-BA8B-4789-A248-9666424B7BFB}.Debug|Any CPU.Build.0 = Debug|Any CPU
		{91BA501C-BA8B-4789-A248-9666424B7BFB}.Release|Any CPU.ActiveCfg = Release|Any CPU
		{91BA501C-BA8B-4789-A248-9666424B7BFB}.Release|Any CPU.Build.0 = Release|Any CPU
		{0DBE4F5A-C93B-43AD-971D-23AE3069B80D}.Debug|Any CPU.ActiveCfg = Debug|Any CPU
		{0DBE4F5A-C93B-43AD-971D-23AE3069B80D}.Debug|Any CPU.Build.0 = Debug|Any CPU
		{0DBE4F5A-C93B-43AD-971D-23AE3069B80D}.Release|Any CPU.ActiveCfg = Release|Any CPU
		{0DBE4F5A-C93B-43AD-971D-23AE3069B80D}.Release|Any CPU.Build.0 = Release|Any CPU
		{6C378EA5-4A74-46EF-A017-C0214FCA02C3}.Debug|Any CPU.ActiveCfg = Debug|Any CPU
		{6C378EA5-4A74-46EF-A017-C0214FCA02C3}.Debug|Any CPU.Build.0 = Debug|Any CPU
		{6C378EA5-4A74-46EF-A017-C0214FCA02C3}.Release|Any CPU.ActiveCfg = Release|Any CPU
		{6C378EA5-4A74-46EF-A017-C0214FCA02C3}.Release|Any CPU.Build.0 = Release|Any CPU
	EndGlobalSection
	GlobalSection(SolutionProperties) = preSolution
		HideSolutionNode = FALSE
	EndGlobalSection
	GlobalSection(ExtensibilityGlobals) = postSolution
		SolutionGuid = {DD26BEAC-37FA-448B-8EF8-82C833A5604B}
	EndGlobalSection
EndGlobal
